
Microsoft Visual Studio Solution File, Format Version 12.00
# Visual Studio 14
VisualStudioVersion = 14.0.25420.1
MinimumVisualStudioVersion = 10.0.40219.1
Project("{FAE04EC0-301F-11D3-BF4B-00C04F79EFBC}") = "CStore.Domain", "CStore.Domain\CStore.Domain.csproj", "{6A6E6DC6-9D84-47C6-99EB-EB967DC08E6A}"
EndProject
Project("{FAE04EC0-301F-11D3-BF4B-00C04F79EFBC}") = "CStore.Web", "CStore.Web\CStore.Web.csproj", "{F0E72166-35F8-4C55-B0B9-5324A7EF6DA0}"
EndProject
Global
	GlobalSection(SolutionConfigurationPlatforms) = preSolution
		Debug|Any CPU = Debug|Any CPU
		QA|Any CPU = QA|Any CPU
		Release|Any CPU = Release|Any CPU
		Test|Any CPU = Test|Any CPU
	EndGlobalSection
	GlobalSection(ProjectConfigurationPlatforms) = postSolution
		{6A6E6DC6-9D84-47C6-99EB-EB967DC08E6A}.Debug|Any CPU.ActiveCfg = Debug|Any CPU
		{6A6E6DC6-9D84-47C6-99EB-EB967DC08E6A}.Debug|Any CPU.Build.0 = Debug|Any CPU
		{6A6E6DC6-9D84-47C6-99EB-EB967DC08E6A}.QA|Any CPU.ActiveCfg = QA|Any CPU
		{6A6E6DC6-9D84-47C6-99EB-EB967DC08E6A}.QA|Any CPU.Build.0 = QA|Any CPU
		{6A6E6DC6-9D84-47C6-99EB-EB967DC08E6A}.Release|Any CPU.ActiveCfg = Release|Any CPU
		{6A6E6DC6-9D84-47C6-99EB-EB967DC08E6A}.Release|Any CPU.Build.0 = Release|Any CPU
		{6A6E6DC6-9D84-47C6-99EB-EB967DC08E6A}.Test|Any CPU.ActiveCfg = Test|Any CPU
		{6A6E6DC6-9D84-47C6-99EB-EB967DC08E6A}.Test|Any CPU.Build.0 = Test|Any CPU
		{F0E72166-35F8-4C55-B0B9-5324A7EF6DA0}.Debug|Any CPU.ActiveCfg = Debug|Any CPU
		{F0E72166-35F8-4C55-B0B9-5324A7EF6DA0}.Debug|Any CPU.Build.0 = Debug|Any CPU
		{F0E72166-35F8-4C55-B0B9-5324A7EF6DA0}.QA|Any CPU.ActiveCfg = QA|Any CPU
		{F0E72166-35F8-4C55-B0B9-5324A7EF6DA0}.QA|Any CPU.Build.0 = QA|Any CPU
		{F0E72166-35F8-4C55-B0B9-5324A7EF6DA0}.Release|Any CPU.ActiveCfg = Release|Any CPU
		{F0E72166-35F8-4C55-B0B9-5324A7EF6DA0}.Release|Any CPU.Build.0 = Release|Any CPU
		{F0E72166-35F8-4C55-B0B9-5324A7EF6DA0}.Test|Any CPU.ActiveCfg = Test|Any CPU
		{F0E72166-35F8-4C55-B0B9-5324A7EF6DA0}.Test|Any CPU.Build.0 = Test|Any CPU
	EndGlobalSection
	GlobalSection(SolutionProperties) = preSolution
		HideSolutionNode = FALSE
	EndGlobalSection
EndGlobal
